
Microsoft Visual Studio Solution File, Format Version 12.00
# Visual Studio Version 16
VisualStudioVersion = 16.0.29519.181
MinimumVisualStudioVersion = 10.0.40219.1
Project("{9A19103F-16F7-4668-BE54-9A1E7A4F7556}") = "Consul.WebApi.ServiceB", "Consul.WebApi.ServiceB\Consul.WebApi.ServiceB.csproj", "{BA4C4D8A-AE91-4E86-A052-C5BF2B2E8AC1}"
EndProject
Project("{9A19103F-16F7-4668-BE54-9A1E7A4F7556}") = "Consul.WebApi.ServiceA", "Consul.WebApi.ServiceA\Consul.WebApi.ServiceA.csproj", "{44463475-7D75-4F60-A20E-1EE63D36DEF0}"
EndProject
Project("{9A19103F-16F7-4668-BE54-9A1E7A4F7556}") = "Consul.Test", "Consul.Test\Consul.Test.csproj", "{E4D9DCA1-9F56-44FB-9403-B1B1C783AE2F}"
EndProject
Project("{9A19103F-16F7-4668-BE54-9A1E7A4F7556}") = "Consul.WebApi.Ocelot", "Consul.WebApi.Ocelot\Consul.WebApi.Ocelot.csproj", "{5D5D52B6-EC66-4AC4-94EF-D6FB3D0E39AD}"
EndProject
Project("{2150E333-8FDC-42A3-9474-1A3956D46DE8}") = "GateWay", "GateWay", "{C16FC7DF-E780-4155-9BF8-C03007228BBE}"
EndProject
Project("{2150E333-8FDC-42A3-9474-1A3956D46DE8}") = "Services", "Services", "{467D5125-F604-4758-A22F-C712677AB4AD}"
EndProject
Project("{FAE04EC0-301F-11D3-BF4B-00C04F79EFBC}") = "Consul.WebApi.IdentityServer", "Consul.WebApi.IdentityServer\Consul.WebApi.IdentityServer.csproj", "{32106E14-DDDA-4E56-9DF4-C769119DD9E4}"
EndProject
Global
	GlobalSection(SolutionConfigurationPlatforms) = preSolution
		Debug|Any CPU = Debug|Any CPU
		Release|Any CPU = Release|Any CPU
	EndGlobalSection
	GlobalSection(ProjectConfigurationPlatforms) = postSolution
		{BA4C4D8A-AE91-4E86-A052-C5BF2B2E8AC1}.Debug|Any CPU.ActiveCfg = Debug|Any CPU
		{BA4C4D8A-AE91-4E86-A052-C5BF2B2E8AC1}.Debug|Any CPU.Build.0 = Debug|Any CPU
		{BA4C4D8A-AE91-4E86-A052-C5BF2B2E8AC1}.Release|Any CPU.ActiveCfg = Release|Any CPU
		{BA4C4D8A-AE91-4E86-A052-C5BF2B2E8AC1}.Release|Any CPU.Build.0 = Release|Any CPU
		{44463475-7D75-4F60-A20E-1EE63D36DEF0}.Debug|Any CPU.ActiveCfg = Debug|Any CPU
		{44463475-7D75-4F60-A20E-1EE63D36DEF0}.Debug|Any CPU.Build.0 = Debug|Any CPU
		{44463475-7D75-4F60-A20E-1EE63D36DEF0}.Release|Any CPU.ActiveCfg = Release|Any CPU
		{44463475-7D75-4F60-A20E-1EE63D36DEF0}.Release|Any CPU.Build.0 = Release|Any CPU
		{E4D9DCA1-9F56-44FB-9403-B1B1C783AE2F}.Debug|Any CPU.ActiveCfg = Debug|Any CPU
		{E4D9DCA1-9F56-44FB-9403-B1B1C783AE2F}.Debug|Any CPU.Build.0 = Debug|Any CPU
		{E4D9DCA1-9F56-44FB-9403-B1B1C783AE2F}.Release|Any CPU.ActiveCfg = Release|Any CPU
		{E4D9DCA1-9F56-44FB-9403-B1B1C783AE2F}.Release|Any CPU.Build.0 = Release|Any CPU
		{5D5D52B6-EC66-4AC4-94EF-D6FB3D0E39AD}.Debug|Any CPU.ActiveCfg = Debug|Any CPU
		{5D5D52B6-EC66-4AC4-94EF-D6FB3D0E39AD}.Debug|Any CPU.Build.0 = Debug|Any CPU
		{5D5D52B6-EC66-4AC4-94EF-D6FB3D0E39AD}.Release|Any CPU.ActiveCfg = Release|Any CPU
		{5D5D52B6-EC66-4AC4-94EF-D6FB3D0E39AD}.Release|Any CPU.Build.0 = Release|Any CPU
		{32106E14-DDDA-4E56-9DF4-C769119DD9E4}.Debug|Any CPU.ActiveCfg = Debug|Any CPU
		{32106E14-DDDA-4E56-9DF4-C769119DD9E4}.Debug|Any CPU.Build.0 = Debug|Any CPU
		{32106E14-DDDA-4E56-9DF4-C769119DD9E4}.Release|Any CPU.ActiveCfg = Release|Any CPU
		{32106E14-DDDA-4E56-9DF4-C769119DD9E4}.Release|Any CPU.Build.0 = Release|Any CPU
	EndGlobalSection
	GlobalSection(SolutionProperties) = preSolution
		HideSolutionNode = FALSE
	EndGlobalSection
	GlobalSection(NestedProjects) = preSolution
		{BA4C4D8A-AE91-4E86-A052-C5BF2B2E8AC1} = {467D5125-F604-4758-A22F-C712677AB4AD}
		{44463475-7D75-4F60-A20E-1EE63D36DEF0} = {467D5125-F604-4758-A22F-C712677AB4AD}
		{5D5D52B6-EC66-4AC4-94EF-D6FB3D0E39AD} = {C16FC7DF-E780-4155-9BF8-C03007228BBE}
	EndGlobalSection
	GlobalSection(ExtensibilityGlobals) = postSolution
		SolutionGuid = {71E4B35B-1DA9-4483-BC1E-0834B74A2619}
	EndGlobalSection
EndGlobal
